
Microsoft Visual Studio Solution File, Format Version 12.00
# Visual Studio Version 17
VisualStudioVersion = 17.8.34525.116
MinimumVisualStudioVersion = 10.0.40219.1
Project("{2150E333-8FDC-42A3-9474-1A3956D46DE8}") = "Framework", "Framework", "{CA042ACC-0993-41AC-A551-E6EA5BDEA50A}"
EndProject
Project("{2150E333-8FDC-42A3-9474-1A3956D46DE8}") = "Engine", "Engine", "{B5E9E5EB-5FA6-4235-A9EA-7C59653CF0C4}"
EndProject
Project("{2150E333-8FDC-42A3-9474-1A3956D46DE8}") = "VSProps", "VSProps", "{35CACC25-2FA0-4969-BA4C-6992D3205668}"
	ProjectSection(SolutionItems) = preProject
		VSProps\EngineLib.props = VSProps\EngineLib.props
		VSProps\FrameworkLib.props = VSProps\FrameworkLib.props
		VSProps\Not-Red.props = VSProps\Not-Red.props
	EndProjectSection
EndProject
Project("{2150E333-8FDC-42A3-9474-1A3956D46DE8}") = "Common", "Common", "{D8FF5298-C46D-4F89-AAEF-3F431FEC29C6}"
	ProjectSection(SolutionItems) = preProject
		VSProps\Common\Common.props = VSProps\Common\Common.props
		VSProps\Common\Library.props = VSProps\Common\Library.props
	EndProjectSection
EndProject
Project("{8BC9CEB8-8B4A-11D0-8D11-00A0C91BC942}") = "Core", "Framework\Core\Core.vcxproj", "{2BE6C312-C1AF-40BE-B41E-1F9B0B4C54A3}"
EndProject
Project("{8BC9CEB8-8B4A-11D0-8D11-00A0C91BC942}") = "Not-Red", "Engine\Not-Red\Not-Red.vcxproj", "{19D5DB20-9493-4D45-95FF-AE23A0F6CC19}"
EndProject
Project("{2150E333-8FDC-42A3-9474-1A3956D46DE8}") = "Assignments", "Assignments", "{CBD2CD9D-1F7C-4B52-922E-6AFA427C3B8E}"
EndProject
Project("{8BC9CEB8-8B4A-11D0-8D11-00A0C91BC942}") = "01_HelloWindow", "VGP242\01_HelloWindow\01_HelloWindow.vcxproj", "{A466E9B0-8CA9-4C2D-831E-EFFC8C3B7CB7}"
EndProject
Project("{8BC9CEB8-8B4A-11D0-8D11-00A0C91BC942}") = "Math", "Framework\Math\Math.vcxproj", "{ADE8E00A-5CC1-4DE7-B4BB-D28EB96A1F5D}"
EndProject
Project("{8BC9CEB8-8B4A-11D0-8D11-00A0C91BC942}") = "Graphics", "Framework\Graphics\Graphics.vcxproj", "{63F26F90-57A0-4FDC-A2E3-6315D7CBEC11}"
EndProject
Global
	GlobalSection(SolutionConfigurationPlatforms) = preSolution
		Debug|x64 = Debug|x64
		Debug|x86 = Debug|x86
		Release|x64 = Release|x64
		Release|x86 = Release|x86
	EndGlobalSection
	GlobalSection(ProjectConfigurationPlatforms) = postSolution
		{2BE6C312-C1AF-40BE-B41E-1F9B0B4C54A3}.Debug|x64.ActiveCfg = Debug|x64
		{2BE6C312-C1AF-40BE-B41E-1F9B0B4C54A3}.Debug|x64.Build.0 = Debug|x64
		{2BE6C312-C1AF-40BE-B41E-1F9B0B4C54A3}.Debug|x86.ActiveCfg = Debug|Win32
		{2BE6C312-C1AF-40BE-B41E-1F9B0B4C54A3}.Debug|x86.Build.0 = Debug|Win32
		{2BE6C312-C1AF-40BE-B41E-1F9B0B4C54A3}.Release|x64.ActiveCfg = Release|x64
		{2BE6C312-C1AF-40BE-B41E-1F9B0B4C54A3}.Release|x64.Build.0 = Release|x64
		{2BE6C312-C1AF-40BE-B41E-1F9B0B4C54A3}.Release|x86.ActiveCfg = Release|Win32
		{2BE6C312-C1AF-40BE-B41E-1F9B0B4C54A3}.Release|x86.Build.0 = Release|Win32
		{19D5DB20-9493-4D45-95FF-AE23A0F6CC19}.Debug|x64.ActiveCfg = Debug|x64
		{19D5DB20-9493-4D45-95FF-AE23A0F6CC19}.Debug|x64.Build.0 = Debug|x64
		{19D5DB20-9493-4D45-95FF-AE23A0F6CC19}.Debug|x86.ActiveCfg = Debug|Win32
		{19D5DB20-9493-4D45-95FF-AE23A0F6CC19}.Debug|x86.Build.0 = Debug|Win32
		{19D5DB20-9493-4D45-95FF-AE23A0F6CC19}.Release|x64.ActiveCfg = Release|x64
		{19D5DB20-9493-4D45-95FF-AE23A0F6CC19}.Release|x64.Build.0 = Release|x64
		{19D5DB20-9493-4D45-95FF-AE23A0F6CC19}.Release|x86.ActiveCfg = Release|Win32
		{19D5DB20-9493-4D45-95FF-AE23A0F6CC19}.Release|x86.Build.0 = Release|Win32
		{A466E9B0-8CA9-4C2D-831E-EFFC8C3B7CB7}.Debug|x64.ActiveCfg = Debug|x64
		{A466E9B0-8CA9-4C2D-831E-EFFC8C3B7CB7}.Debug|x64.Build.0 = Debug|x64
		{A466E9B0-8CA9-4C2D-831E-EFFC8C3B7CB7}.Debug|x86.ActiveCfg = Debug|Win32
		{A466E9B0-8CA9-4C2D-831E-EFFC8C3B7CB7}.Debug|x86.Build.0 = Debug|Win32
		{A466E9B0-8CA9-4C2D-831E-EFFC8C3B7CB7}.Release|x64.ActiveCfg = Release|x64
		{A466E9B0-8CA9-4C2D-831E-EFFC8C3B7CB7}.Release|x64.Build.0 = Release|x64
		{A466E9B0-8CA9-4C2D-831E-EFFC8C3B7CB7}.Release|x86.ActiveCfg = Release|Win32
		{A466E9B0-8CA9-4C2D-831E-EFFC8C3B7CB7}.Release|x86.Build.0 = Release|Win32
		{ADE8E00A-5CC1-4DE7-B4BB-D28EB96A1F5D}.Debug|x64.ActiveCfg = Debug|x64
		{ADE8E00A-5CC1-4DE7-B4BB-D28EB96A1F5D}.Debug|x64.Build.0 = Debug|x64
		{ADE8E00A-5CC1-4DE7-B4BB-D28EB96A1F5D}.Debug|x86.ActiveCfg = Debug|Win32
		{ADE8E00A-5CC1-4DE7-B4BB-D28EB96A1F5D}.Debug|x86.Build.0 = Debug|Win32
		{ADE8E00A-5CC1-4DE7-B4BB-D28EB96A1F5D}.Release|x64.ActiveCfg = Release|x64
		{ADE8E00A-5CC1-4DE7-B4BB-D28EB96A1F5D}.Release|x64.Build.0 = Release|x64
		{ADE8E00A-5CC1-4DE7-B4BB-D28EB96A1F5D}.Release|x86.ActiveCfg = Release|Win32
		{ADE8E00A-5CC1-4DE7-B4BB-D28EB96A1F5D}.Release|x86.Build.0 = Release|Win32
		{63F26F90-57A0-4FDC-A2E3-6315D7CBEC11}.Debug|x64.ActiveCfg = Debug|x64
		{63F26F90-57A0-4FDC-A2E3-6315D7CBEC11}.Debug|x64.Build.0 = Debug|x64
		{63F26F90-57A0-4FDC-A2E3-6315D7CBEC11}.Debug|x86.ActiveCfg = Debug|Win32
		{63F26F90-57A0-4FDC-A2E3-6315D7CBEC11}.Debug|x86.Build.0 = Debug|Win32
		{63F26F90-57A0-4FDC-A2E3-6315D7CBEC11}.Release|x64.ActiveCfg = Release|x64
		{63F26F90-57A0-4FDC-A2E3-6315D7CBEC11}.Release|x64.Build.0 = Release|x64
		{63F26F90-57A0-4FDC-A2E3-6315D7CBEC11}.Release|x86.ActiveCfg = Release|Win32
		{63F26F90-57A0-4FDC-A2E3-6315D7CBEC11}.Release|x86.Build.0 = Release|Win32
	EndGlobalSection
	GlobalSection(SolutionProperties) = preSolution
		HideSolutionNode = FALSE
	EndGlobalSection
	GlobalSection(NestedProjects) = preSolution
		{D8FF5298-C46D-4F89-AAEF-3F431FEC29C6} = {35CACC25-2FA0-4969-BA4C-6992D3205668}
		{2BE6C312-C1AF-40BE-B41E-1F9B0B4C54A3} = {CA042ACC-0993-41AC-A551-E6EA5BDEA50A}
		{19D5DB20-9493-4D45-95FF-AE23A0F6CC19} = {B5E9E5EB-5FA6-4235-A9EA-7C59653CF0C4}
		{A466E9B0-8CA9-4C2D-831E-EFFC8C3B7CB7} = {CBD2CD9D-1F7C-4B52-922E-6AFA427C3B8E}
		{ADE8E00A-5CC1-4DE7-B4BB-D28EB96A1F5D} = {CA042ACC-0993-41AC-A551-E6EA5BDEA50A}
		{63F26F90-57A0-4FDC-A2E3-6315D7CBEC11} = {CA042ACC-0993-41AC-A551-E6EA5BDEA50A}
	EndGlobalSection
	GlobalSection(ExtensibilityGlobals) = postSolution
		SolutionGuid = {42C00E3B-185C-4077-85D6-BC4109FB8B55}
	EndGlobalSection
EndGlobal
