
Microsoft Visual Studio Solution File, Format Version 12.00
# Visual Studio Version 17
VisualStudioVersion = 17.8.34525.116
MinimumVisualStudioVersion = 10.0.40219.1
Project("{2150E333-8FDC-42A3-9474-1A3956D46DE8}") = "Framework", "Framework", "{CA042ACC-0993-41AC-A551-E6EA5BDEA50A}"
EndProject
Project("{2150E333-8FDC-42A3-9474-1A3956D46DE8}") = "Engine", "Engine", "{B5E9E5EB-5FA6-4235-A9EA-7C59653CF0C4}"
EndProject
Project("{2150E333-8FDC-42A3-9474-1A3956D46DE8}") = "VSProps", "VSProps", "{35CACC25-2FA0-4969-BA4C-6992D3205668}"
	ProjectSection(SolutionItems) = preProject
		VSProps\EngineLib.props = VSProps\EngineLib.props
		VSProps\FrameworkLib.props = VSProps\FrameworkLib.props
		VSProps\Not-Red.props = VSProps\Not-Red.props
	EndProjectSection
EndProject
Project("{2150E333-8FDC-42A3-9474-1A3956D46DE8}") = "Common", "Common", "{D8FF5298-C46D-4F89-AAEF-3F431FEC29C6}"
	ProjectSection(SolutionItems) = preProject
		VSProps\Common\Common.props = VSProps\Common\Common.props
		VSProps\Common\Library.props = VSProps\Common\Library.props
	EndProjectSection
EndProject
Project("{8BC9CEB8-8B4A-11D0-8D11-00A0C91BC942}") = "Core", "Framework\Core\Core.vcxproj", "{2BE6C312-C1AF-40BE-B41E-1F9B0B4C54A3}"
EndProject
Project("{8BC9CEB8-8B4A-11D0-8D11-00A0C91BC942}") = "Not-Red", "Engine\Not-Red\Not-Red.vcxproj", "{19D5DB20-9493-4D45-95FF-AE23A0F6CC19}"
EndProject
Project("{2150E333-8FDC-42A3-9474-1A3956D46DE8}") = "Assignments", "Assignments", "{CBD2CD9D-1F7C-4B52-922E-6AFA427C3B8E}"
EndProject
Project("{8BC9CEB8-8B4A-11D0-8D11-00A0C91BC942}") = "01_HelloWindow", "VGP242\01_HelloWindow\01_HelloWindow.vcxproj", "{A466E9B0-8CA9-4C2D-831E-EFFC8C3B7CB7}"
EndProject
Project("{8BC9CEB8-8B4A-11D0-8D11-00A0C91BC942}") = "Math", "Framework\Math\Math.vcxproj", "{ADE8E00A-5CC1-4DE7-B4BB-D28EB96A1F5D}"
EndProject
Project("{8BC9CEB8-8B4A-11D0-8D11-00A0C91BC942}") = "Graphics", "Framework\Graphics\Graphics.vcxproj", "{63F26F90-57A0-4FDC-A2E3-6315D7CBEC11}"
EndProject
Project("{2150E333-8FDC-42A3-9474-1A3956D46DE8}") = "External", "External", "{BE64C3C2-CDAD-4551-90D7-E8121300ABC7}"
EndProject
Project("{8BC9CEB8-8B4A-11D0-8D11-00A0C91BC942}") = "DirectXTK_Desktop_2019", "External\DirectXTK\DirectXTK_Desktop_2019.vcxproj", "{E0B52AE7-E160-4D32-BF3F-910B785E5A8E}"
EndProject
Project("{8BC9CEB8-8B4A-11D0-8D11-00A0C91BC942}") = "02_HelloShape", "VGP242\02_HelloShape\02_HelloShape.vcxproj", "{D65F42EA-14CC-4C0A-AF9C-D9D3200C0E47}"
EndProject
Project("{8BC9CEB8-8B4A-11D0-8D11-00A0C91BC942}") = "Input", "Framework\Input\Input.vcxproj", "{3629F01A-6FED-42EB-B308-E9F7F1346EAF}"
EndProject
Project("{2150E333-8FDC-42A3-9474-1A3956D46DE8}") = "Assets", "Assets", "{F84F30A7-7F35-4F04-91F3-839E258DEB5F}"
EndProject
Project("{2150E333-8FDC-42A3-9474-1A3956D46DE8}") = "Shaders", "Shaders", "{2E58C1B6-66A0-407E-8EBF-47BF64287221}"
	ProjectSection(SolutionItems) = preProject
		Assets\Shaders\Basic.fx = Assets\Shaders\Basic.fx
		Assets\Shaders\Texture.fx = Assets\Shaders\Texture.fx
		Assets\Shaders\Transform.fx = Assets\Shaders\Transform.fx
	EndProjectSection
EndProject
Project("{8BC9CEB8-8B4A-11D0-8D11-00A0C91BC942}") = "03_HelloCube", "VGP242\03_HelloCube\03_HelloCube.vcxproj", "{BA8202AC-2A1E-43A7-8400-FF1A43DDD71C}"
EndProject
Project("{8BC9CEB8-8B4A-11D0-8D11-00A0C91BC942}") = "04_HelloMeshBuilder", "VGP242\04_HelloMeshBuilder\04_HelloMeshBuilder.vcxproj", "{6D3A6C87-F7C4-4BED-9E00-0D35913B9CE2}"
EndProject
Project("{8BC9CEB8-8B4A-11D0-8D11-00A0C91BC942}") = "05_HelloSimpleDraw", "VGP242\05_HelloSimpleDraw\05_HelloSimpleDraw.vcxproj", "{E099469C-A138-4BA5-A7A8-8072AA407793}"
EndProject
Project("{8BC9CEB8-8B4A-11D0-8D11-00A0C91BC942}") = "ImGui", "External\ImGui\ImGui.vcxproj", "{52D656A2-A2F4-4C54-A3C7-653427BED1E8}"
EndProject
Project("{8BC9CEB8-8B4A-11D0-8D11-00A0C91BC942}") = "06_HelloImGui", "VGP242\06_HelloImGui\06_HelloImGui.vcxproj", "{AD70E2DB-2B2D-4B74-910E-BEFB9140C488}"
EndProject
Project("{8BC9CEB8-8B4A-11D0-8D11-00A0C91BC942}") = "07_Final", "VGP242\07_Final\07_Final.vcxproj", "{35A28886-21A2-4127-9F32-EC99252F1283}"
EndProject
Global
	GlobalSection(SolutionConfigurationPlatforms) = preSolution
		Debug|x64 = Debug|x64
		Debug|x86 = Debug|x86
		Release|x64 = Release|x64
		Release|x86 = Release|x86
	EndGlobalSection
	GlobalSection(ProjectConfigurationPlatforms) = postSolution
		{2BE6C312-C1AF-40BE-B41E-1F9B0B4C54A3}.Debug|x64.ActiveCfg = Debug|x64
		{2BE6C312-C1AF-40BE-B41E-1F9B0B4C54A3}.Debug|x64.Build.0 = Debug|x64
		{2BE6C312-C1AF-40BE-B41E-1F9B0B4C54A3}.Debug|x86.ActiveCfg = Debug|Win32
		{2BE6C312-C1AF-40BE-B41E-1F9B0B4C54A3}.Debug|x86.Build.0 = Debug|Win32
		{2BE6C312-C1AF-40BE-B41E-1F9B0B4C54A3}.Release|x64.ActiveCfg = Release|x64
		{2BE6C312-C1AF-40BE-B41E-1F9B0B4C54A3}.Release|x64.Build.0 = Release|x64
		{2BE6C312-C1AF-40BE-B41E-1F9B0B4C54A3}.Release|x86.ActiveCfg = Release|Win32
		{2BE6C312-C1AF-40BE-B41E-1F9B0B4C54A3}.Release|x86.Build.0 = Release|Win32
		{19D5DB20-9493-4D45-95FF-AE23A0F6CC19}.Debug|x64.ActiveCfg = Debug|x64
		{19D5DB20-9493-4D45-95FF-AE23A0F6CC19}.Debug|x64.Build.0 = Debug|x64
		{19D5DB20-9493-4D45-95FF-AE23A0F6CC19}.Debug|x86.ActiveCfg = Debug|Win32
		{19D5DB20-9493-4D45-95FF-AE23A0F6CC19}.Debug|x86.Build.0 = Debug|Win32
		{19D5DB20-9493-4D45-95FF-AE23A0F6CC19}.Release|x64.ActiveCfg = Release|x64
		{19D5DB20-9493-4D45-95FF-AE23A0F6CC19}.Release|x64.Build.0 = Release|x64
		{19D5DB20-9493-4D45-95FF-AE23A0F6CC19}.Release|x86.ActiveCfg = Release|Win32
		{19D5DB20-9493-4D45-95FF-AE23A0F6CC19}.Release|x86.Build.0 = Release|Win32
		{A466E9B0-8CA9-4C2D-831E-EFFC8C3B7CB7}.Debug|x64.ActiveCfg = Debug|x64
		{A466E9B0-8CA9-4C2D-831E-EFFC8C3B7CB7}.Debug|x64.Build.0 = Debug|x64
		{A466E9B0-8CA9-4C2D-831E-EFFC8C3B7CB7}.Debug|x86.ActiveCfg = Debug|Win32
		{A466E9B0-8CA9-4C2D-831E-EFFC8C3B7CB7}.Debug|x86.Build.0 = Debug|Win32
		{A466E9B0-8CA9-4C2D-831E-EFFC8C3B7CB7}.Release|x64.ActiveCfg = Release|x64
		{A466E9B0-8CA9-4C2D-831E-EFFC8C3B7CB7}.Release|x64.Build.0 = Release|x64
		{A466E9B0-8CA9-4C2D-831E-EFFC8C3B7CB7}.Release|x86.ActiveCfg = Release|Win32
		{A466E9B0-8CA9-4C2D-831E-EFFC8C3B7CB7}.Release|x86.Build.0 = Release|Win32
		{ADE8E00A-5CC1-4DE7-B4BB-D28EB96A1F5D}.Debug|x64.ActiveCfg = Debug|x64
		{ADE8E00A-5CC1-4DE7-B4BB-D28EB96A1F5D}.Debug|x64.Build.0 = Debug|x64
		{ADE8E00A-5CC1-4DE7-B4BB-D28EB96A1F5D}.Debug|x86.ActiveCfg = Debug|Win32
		{ADE8E00A-5CC1-4DE7-B4BB-D28EB96A1F5D}.Debug|x86.Build.0 = Debug|Win32
		{ADE8E00A-5CC1-4DE7-B4BB-D28EB96A1F5D}.Release|x64.ActiveCfg = Release|x64
		{ADE8E00A-5CC1-4DE7-B4BB-D28EB96A1F5D}.Release|x64.Build.0 = Release|x64
		{ADE8E00A-5CC1-4DE7-B4BB-D28EB96A1F5D}.Release|x86.ActiveCfg = Release|Win32
		{ADE8E00A-5CC1-4DE7-B4BB-D28EB96A1F5D}.Release|x86.Build.0 = Release|Win32
		{63F26F90-57A0-4FDC-A2E3-6315D7CBEC11}.Debug|x64.ActiveCfg = Debug|x64
		{63F26F90-57A0-4FDC-A2E3-6315D7CBEC11}.Debug|x64.Build.0 = Debug|x64
		{63F26F90-57A0-4FDC-A2E3-6315D7CBEC11}.Debug|x86.ActiveCfg = Debug|Win32
		{63F26F90-57A0-4FDC-A2E3-6315D7CBEC11}.Debug|x86.Build.0 = Debug|Win32
		{63F26F90-57A0-4FDC-A2E3-6315D7CBEC11}.Release|x64.ActiveCfg = Release|x64
		{63F26F90-57A0-4FDC-A2E3-6315D7CBEC11}.Release|x64.Build.0 = Release|x64
		{63F26F90-57A0-4FDC-A2E3-6315D7CBEC11}.Release|x86.ActiveCfg = Release|Win32
		{63F26F90-57A0-4FDC-A2E3-6315D7CBEC11}.Release|x86.Build.0 = Release|Win32
		{E0B52AE7-E160-4D32-BF3F-910B785E5A8E}.Debug|x64.ActiveCfg = Debug|x64
		{E0B52AE7-E160-4D32-BF3F-910B785E5A8E}.Debug|x64.Build.0 = Debug|x64
		{E0B52AE7-E160-4D32-BF3F-910B785E5A8E}.Debug|x86.ActiveCfg = Debug|Win32
		{E0B52AE7-E160-4D32-BF3F-910B785E5A8E}.Debug|x86.Build.0 = Debug|Win32
		{E0B52AE7-E160-4D32-BF3F-910B785E5A8E}.Release|x64.ActiveCfg = Release|x64
		{E0B52AE7-E160-4D32-BF3F-910B785E5A8E}.Release|x64.Build.0 = Release|x64
		{E0B52AE7-E160-4D32-BF3F-910B785E5A8E}.Release|x86.ActiveCfg = Release|Win32
		{E0B52AE7-E160-4D32-BF3F-910B785E5A8E}.Release|x86.Build.0 = Release|Win32
		{D65F42EA-14CC-4C0A-AF9C-D9D3200C0E47}.Debug|x64.ActiveCfg = Debug|x64
		{D65F42EA-14CC-4C0A-AF9C-D9D3200C0E47}.Debug|x64.Build.0 = Debug|x64
		{D65F42EA-14CC-4C0A-AF9C-D9D3200C0E47}.Debug|x86.ActiveCfg = Debug|Win32
		{D65F42EA-14CC-4C0A-AF9C-D9D3200C0E47}.Debug|x86.Build.0 = Debug|Win32
		{D65F42EA-14CC-4C0A-AF9C-D9D3200C0E47}.Release|x64.ActiveCfg = Release|x64
		{D65F42EA-14CC-4C0A-AF9C-D9D3200C0E47}.Release|x64.Build.0 = Release|x64
		{D65F42EA-14CC-4C0A-AF9C-D9D3200C0E47}.Release|x86.ActiveCfg = Release|Win32
		{D65F42EA-14CC-4C0A-AF9C-D9D3200C0E47}.Release|x86.Build.0 = Release|Win32
		{3629F01A-6FED-42EB-B308-E9F7F1346EAF}.Debug|x64.ActiveCfg = Debug|x64
		{3629F01A-6FED-42EB-B308-E9F7F1346EAF}.Debug|x64.Build.0 = Debug|x64
		{3629F01A-6FED-42EB-B308-E9F7F1346EAF}.Debug|x86.ActiveCfg = Debug|Win32
		{3629F01A-6FED-42EB-B308-E9F7F1346EAF}.Debug|x86.Build.0 = Debug|Win32
		{3629F01A-6FED-42EB-B308-E9F7F1346EAF}.Release|x64.ActiveCfg = Release|x64
		{3629F01A-6FED-42EB-B308-E9F7F1346EAF}.Release|x64.Build.0 = Release|x64
		{3629F01A-6FED-42EB-B308-E9F7F1346EAF}.Release|x86.ActiveCfg = Release|Win32
		{3629F01A-6FED-42EB-B308-E9F7F1346EAF}.Release|x86.Build.0 = Release|Win32
		{BA8202AC-2A1E-43A7-8400-FF1A43DDD71C}.Debug|x64.ActiveCfg = Debug|x64
		{BA8202AC-2A1E-43A7-8400-FF1A43DDD71C}.Debug|x64.Build.0 = Debug|x64
		{BA8202AC-2A1E-43A7-8400-FF1A43DDD71C}.Debug|x86.ActiveCfg = Debug|Win32
		{BA8202AC-2A1E-43A7-8400-FF1A43DDD71C}.Debug|x86.Build.0 = Debug|Win32
		{BA8202AC-2A1E-43A7-8400-FF1A43DDD71C}.Release|x64.ActiveCfg = Release|x64
		{BA8202AC-2A1E-43A7-8400-FF1A43DDD71C}.Release|x64.Build.0 = Release|x64
		{BA8202AC-2A1E-43A7-8400-FF1A43DDD71C}.Release|x86.ActiveCfg = Release|Win32
		{BA8202AC-2A1E-43A7-8400-FF1A43DDD71C}.Release|x86.Build.0 = Release|Win32
		{6D3A6C87-F7C4-4BED-9E00-0D35913B9CE2}.Debug|x64.ActiveCfg = Debug|x64
		{6D3A6C87-F7C4-4BED-9E00-0D35913B9CE2}.Debug|x64.Build.0 = Debug|x64
		{6D3A6C87-F7C4-4BED-9E00-0D35913B9CE2}.Debug|x86.ActiveCfg = Debug|Win32
		{6D3A6C87-F7C4-4BED-9E00-0D35913B9CE2}.Debug|x86.Build.0 = Debug|Win32
		{6D3A6C87-F7C4-4BED-9E00-0D35913B9CE2}.Release|x64.ActiveCfg = Release|x64
		{6D3A6C87-F7C4-4BED-9E00-0D35913B9CE2}.Release|x64.Build.0 = Release|x64
		{6D3A6C87-F7C4-4BED-9E00-0D35913B9CE2}.Release|x86.ActiveCfg = Release|Win32
		{6D3A6C87-F7C4-4BED-9E00-0D35913B9CE2}.Release|x86.Build.0 = Release|Win32
		{E099469C-A138-4BA5-A7A8-8072AA407793}.Debug|x64.ActiveCfg = Debug|x64
		{E099469C-A138-4BA5-A7A8-8072AA407793}.Debug|x64.Build.0 = Debug|x64
		{E099469C-A138-4BA5-A7A8-8072AA407793}.Debug|x86.ActiveCfg = Debug|Win32
		{E099469C-A138-4BA5-A7A8-8072AA407793}.Debug|x86.Build.0 = Debug|Win32
		{E099469C-A138-4BA5-A7A8-8072AA407793}.Release|x64.ActiveCfg = Release|x64
		{E099469C-A138-4BA5-A7A8-8072AA407793}.Release|x64.Build.0 = Release|x64
		{E099469C-A138-4BA5-A7A8-8072AA407793}.Release|x86.ActiveCfg = Release|Win32
		{E099469C-A138-4BA5-A7A8-8072AA407793}.Release|x86.Build.0 = Release|Win32
		{52D656A2-A2F4-4C54-A3C7-653427BED1E8}.Debug|x64.ActiveCfg = Debug|x64
		{52D656A2-A2F4-4C54-A3C7-653427BED1E8}.Debug|x64.Build.0 = Debug|x64
		{52D656A2-A2F4-4C54-A3C7-653427BED1E8}.Debug|x86.ActiveCfg = Debug|Win32
		{52D656A2-A2F4-4C54-A3C7-653427BED1E8}.Debug|x86.Build.0 = Debug|Win32
		{52D656A2-A2F4-4C54-A3C7-653427BED1E8}.Release|x64.ActiveCfg = Release|x64
		{52D656A2-A2F4-4C54-A3C7-653427BED1E8}.Release|x64.Build.0 = Release|x64
		{52D656A2-A2F4-4C54-A3C7-653427BED1E8}.Release|x86.ActiveCfg = Release|Win32
		{52D656A2-A2F4-4C54-A3C7-653427BED1E8}.Release|x86.Build.0 = Release|Win32
		{AD70E2DB-2B2D-4B74-910E-BEFB9140C488}.Debug|x64.ActiveCfg = Debug|x64
		{AD70E2DB-2B2D-4B74-910E-BEFB9140C488}.Debug|x64.Build.0 = Debug|x64
		{AD70E2DB-2B2D-4B74-910E-BEFB9140C488}.Debug|x86.ActiveCfg = Debug|Win32
		{AD70E2DB-2B2D-4B74-910E-BEFB9140C488}.Debug|x86.Build.0 = Debug|Win32
		{AD70E2DB-2B2D-4B74-910E-BEFB9140C488}.Release|x64.ActiveCfg = Release|x64
		{AD70E2DB-2B2D-4B74-910E-BEFB9140C488}.Release|x64.Build.0 = Release|x64
		{AD70E2DB-2B2D-4B74-910E-BEFB9140C488}.Release|x86.ActiveCfg = Release|Win32
		{AD70E2DB-2B2D-4B74-910E-BEFB9140C488}.Release|x86.Build.0 = Release|Win32
		{35A28886-21A2-4127-9F32-EC99252F1283}.Debug|x64.ActiveCfg = Debug|x64
		{35A28886-21A2-4127-9F32-EC99252F1283}.Debug|x64.Build.0 = Debug|x64
		{35A28886-21A2-4127-9F32-EC99252F1283}.Debug|x86.ActiveCfg = Debug|Win32
		{35A28886-21A2-4127-9F32-EC99252F1283}.Debug|x86.Build.0 = Debug|Win32
		{35A28886-21A2-4127-9F32-EC99252F1283}.Release|x64.ActiveCfg = Release|x64
		{35A28886-21A2-4127-9F32-EC99252F1283}.Release|x64.Build.0 = Release|x64
		{35A28886-21A2-4127-9F32-EC99252F1283}.Release|x86.ActiveCfg = Release|Win32
		{35A28886-21A2-4127-9F32-EC99252F1283}.Release|x86.Build.0 = Release|Win32
	EndGlobalSection
	GlobalSection(SolutionProperties) = preSolution
		HideSolutionNode = FALSE
	EndGlobalSection
	GlobalSection(NestedProjects) = preSolution
		{D8FF5298-C46D-4F89-AAEF-3F431FEC29C6} = {35CACC25-2FA0-4969-BA4C-6992D3205668}
		{2BE6C312-C1AF-40BE-B41E-1F9B0B4C54A3} = {CA042ACC-0993-41AC-A551-E6EA5BDEA50A}
		{19D5DB20-9493-4D45-95FF-AE23A0F6CC19} = {B5E9E5EB-5FA6-4235-A9EA-7C59653CF0C4}
		{A466E9B0-8CA9-4C2D-831E-EFFC8C3B7CB7} = {CBD2CD9D-1F7C-4B52-922E-6AFA427C3B8E}
		{ADE8E00A-5CC1-4DE7-B4BB-D28EB96A1F5D} = {CA042ACC-0993-41AC-A551-E6EA5BDEA50A}
		{63F26F90-57A0-4FDC-A2E3-6315D7CBEC11} = {CA042ACC-0993-41AC-A551-E6EA5BDEA50A}
		{E0B52AE7-E160-4D32-BF3F-910B785E5A8E} = {BE64C3C2-CDAD-4551-90D7-E8121300ABC7}
		{D65F42EA-14CC-4C0A-AF9C-D9D3200C0E47} = {CBD2CD9D-1F7C-4B52-922E-6AFA427C3B8E}
		{3629F01A-6FED-42EB-B308-E9F7F1346EAF} = {CA042ACC-0993-41AC-A551-E6EA5BDEA50A}
		{2E58C1B6-66A0-407E-8EBF-47BF64287221} = {F84F30A7-7F35-4F04-91F3-839E258DEB5F}
		{BA8202AC-2A1E-43A7-8400-FF1A43DDD71C} = {CBD2CD9D-1F7C-4B52-922E-6AFA427C3B8E}
		{6D3A6C87-F7C4-4BED-9E00-0D35913B9CE2} = {CBD2CD9D-1F7C-4B52-922E-6AFA427C3B8E}
		{E099469C-A138-4BA5-A7A8-8072AA407793} = {CBD2CD9D-1F7C-4B52-922E-6AFA427C3B8E}
		{52D656A2-A2F4-4C54-A3C7-653427BED1E8} = {BE64C3C2-CDAD-4551-90D7-E8121300ABC7}
		{AD70E2DB-2B2D-4B74-910E-BEFB9140C488} = {CBD2CD9D-1F7C-4B52-922E-6AFA427C3B8E}
		{35A28886-21A2-4127-9F32-EC99252F1283} = {CBD2CD9D-1F7C-4B52-922E-6AFA427C3B8E}
	EndGlobalSection
	GlobalSection(ExtensibilityGlobals) = postSolution
		SolutionGuid = {42C00E3B-185C-4077-85D6-BC4109FB8B55}
	EndGlobalSection
EndGlobal
